Microsoft Visual Studio Solution File, Format Version 12.00
# Visual Studio Version 16
VisualStudioVersion = 16.0.29215.179
MinimumVisualStudioVersion = 10.0.40219.1
Project("{FAE04EC0-301F-11D3-BF4B-00C04F79EFBC}") = "Sonnet", "Sonnet\Sonnet.csproj", "{650BCD91-B9AB-4A37-9A33-D1AE8CFFA49F}"
EndProject
Project("{FAE04EC0-301F-11D3-BF4B-00C04F79EFBC}") = "SonnetTest", "SonnetTest\SonnetTest.csproj", "{5411E8AB-5E5D-4D61-951B-D76AD31A65F3}"
EndProject
Project("{8BC9CEB8-8B4A-11D0-8D11-00A0C91BC942}") = "SonnetWrapper", "SonnetWrapper\SonnetWrapper.vcxproj", "{A703591E-08AB-4F79-A74A-42F418EF2A2F}"
EndProject
Project("{FAE04EC0-301F-11D3-BF4B-00C04F79EFBC}") = "SonnetExamples", "SonnetExamples\SonnetExamples.csproj", "{FBCB8A0D-BC0C-406E-B5FC-CA260C195056}"
EndProject
Project("{2150E333-8FDC-42A3-9474-1A3956D46DE8}") = "Solution Items", "Solution Items", "{F48F0304-01B7-4EF7-93B3-85F297B15C44}"
	ProjectSection(SolutionItems) = preProject
		..\..\AUTHORS.txt = ..\..\AUTHORS.txt
		..\..\CHANGELOG.txt = ..\..\CHANGELOG.txt
		..\..\INSTALL.txt = ..\..\INSTALL.txt
		..\..\LICENSE.txt = ..\..\LICENSE.txt
		..\..\.coin-or\projDesc.xml = ..\..\.coin-or\projDesc.xml
		..\..\README.txt = ..\..\README.txt
	EndProjectSection
EndProject
Project("{2150E333-8FDC-42A3-9474-1A3956D46DE8}") = "COIN-OR v16", "COIN-OR v16", "{2969FE49-1110-4476-B8C0-F64CD5E84032}"
EndProject
Project("{8BC9CEB8-8B4A-11D0-8D11-00A0C91BC942}") = "libCbc", "..\..\..\Cbc\MSVisualStudio\v16\libCbc\libCbc.vcxproj", "{0B054D74-6082-452F-9744-5FBE12C7D476}"
EndProject
Project("{8BC9CEB8-8B4A-11D0-8D11-00A0C91BC942}") = "libCbcSolver", "..\..\..\Cbc\MSVisualStudio\v16\libCbcSolver\libCbcSolver.vcxproj", "{5A9043A5-CB87-4E2B-807C-74830BFFAE39}"
EndProject
Project("{8BC9CEB8-8B4A-11D0-8D11-00A0C91BC942}") = "libOsiCbc", "..\..\..\Cbc\MSVisualStudio\v16\libOsiCbc\libOsiCbc.vcxproj", "{22911998-FEDD-44AC-902F-CFEFA060C36A}"
EndProject
Project("{8BC9CEB8-8B4A-11D0-8D11-00A0C91BC942}") = "libCgl", "..\..\..\Cgl\MSVisualStudio\v16\libCgl\libCgl.vcxproj", "{1E645A44-00EF-4093-9F6A-1D082BD43BDB}"
EndProject
Project("{8BC9CEB8-8B4A-11D0-8D11-00A0C91BC942}") = "libClp", "..\..\..\Clp\MSVisualStudio\v16\libClp\libClp.vcxproj", "{768B67D6-E6D3-4A8F-AA61-511FDBCE7937}"
EndProject
Project("{8BC9CEB8-8B4A-11D0-8D11-00A0C91BC942}") = "libOsiClp", "..\..\..\Clp\MSVisualStudio\v16\libOsiClp\libOsiClp.vcxproj", "{79433425-EC16-410F-9B91-8D31D2109C90}"
EndProject
Project("{8BC9CEB8-8B4A-11D0-8D11-00A0C91BC942}") = "libCoinUtils", "..\..\..\CoinUtils\MSVisualStudio\v16\libCoinUtils\libCoinUtils.vcxproj", "{6D2EF92A-D693-47E3-A325-A686E78C5FFD}"
EndProject
Project("{8BC9CEB8-8B4A-11D0-8D11-00A0C91BC942}") = "libOsi", "..\..\..\Osi\MSVisualStudio\v16\libOsi\libOsi.vcxproj", "{BF5C7532-EE0A-479B-9993-72134087D530}"
EndProject
Project("{8BC9CEB8-8B4A-11D0-8D11-00A0C91BC942}") = "SonnetWrapperTest", "SonnetWrapperTest\SonnetWrapperTest.vcxproj", "{14483695-D549-4E97-A4E5-70E98FF8FB4F}"
EndProject
Global
	GlobalSection(SolutionConfigurationPlatforms) = preSolution
		Debug|x64 = Debug|x64
		Debug|x86 = Debug|x86
		Release|x64 = Release|x64
		Release|x86 = Release|x86
		ReleaseParallel|x64 = ReleaseParallel|x64
		ReleaseParallel|x86 = ReleaseParallel|x86
	EndGlobalSection
	GlobalSection(ProjectConfigurationPlatforms) = postSolution
		{650BCD91-B9AB-4A37-9A33-D1AE8CFFA49F}.Debug|x64.ActiveCfg = Debug|x64
		{650BCD91-B9AB-4A37-9A33-D1AE8CFFA49F}.Debug|x64.Build.0 = Debug|x64
		{650BCD91-B9AB-4A37-9A33-D1AE8CFFA49F}.Debug|x86.ActiveCfg = Debug|x86
		{650BCD91-B9AB-4A37-9A33-D1AE8CFFA49F}.Debug|x86.Build.0 = Debug|x86
		{650BCD91-B9AB-4A37-9A33-D1AE8CFFA49F}.Release|x64.ActiveCfg = Release|x64
		{650BCD91-B9AB-4A37-9A33-D1AE8CFFA49F}.Release|x64.Build.0 = Release|x64
		{650BCD91-B9AB-4A37-9A33-D1AE8CFFA49F}.Release|x86.ActiveCfg = Release|x86
		{650BCD91-B9AB-4A37-9A33-D1AE8CFFA49F}.Release|x86.Build.0 = Release|x86
		{650BCD91-B9AB-4A37-9A33-D1AE8CFFA49F}.ReleaseParallel|x64.ActiveCfg = Release|x64
		{650BCD91-B9AB-4A37-9A33-D1AE8CFFA49F}.ReleaseParallel|x64.Build.0 = Release|x64
		{650BCD91-B9AB-4A37-9A33-D1AE8CFFA49F}.ReleaseParallel|x86.ActiveCfg = Release|x86
		{650BCD91-B9AB-4A37-9A33-D1AE8CFFA49F}.ReleaseParallel|x86.Build.0 = Release|x86
		{5411E8AB-5E5D-4D61-951B-D76AD31A65F3}.Debug|x64.ActiveCfg = Debug|x64
		{5411E8AB-5E5D-4D61-951B-D76AD31A65F3}.Debug|x64.Build.0 = Debug|x64
		{5411E8AB-5E5D-4D61-951B-D76AD31A65F3}.Debug|x86.ActiveCfg = Debug|x86
		{5411E8AB-5E5D-4D61-951B-D76AD31A65F3}.Debug|x86.Build.0 = Debug|x86
		{5411E8AB-5E5D-4D61-951B-D76AD31A65F3}.Release|x64.ActiveCfg = Release|x64
		{5411E8AB-5E5D-4D61-951B-D76AD31A65F3}.Release|x64.Build.0 = Release|x64
		{5411E8AB-5E5D-4D61-951B-D76AD31A65F3}.Release|x86.ActiveCfg = Release|x86
		{5411E8AB-5E5D-4D61-951B-D76AD31A65F3}.Release|x86.Build.0 = Release|x86
		{5411E8AB-5E5D-4D61-951B-D76AD31A65F3}.ReleaseParallel|x64.ActiveCfg = Release|x64
		{5411E8AB-5E5D-4D61-951B-D76AD31A65F3}.ReleaseParallel|x64.Build.0 = Release|x64
		{5411E8AB-5E5D-4D61-951B-D76AD31A65F3}.ReleaseParallel|x86.ActiveCfg = Release|x86
		{5411E8AB-5E5D-4D61-951B-D76AD31A65F3}.ReleaseParallel|x86.Build.0 = Release|x86
		{A703591E-08AB-4F79-A74A-42F418EF2A2F}.Debug|x64.ActiveCfg = Debug|x64
		{A703591E-08AB-4F79-A74A-42F418EF2A2F}.Debug|x64.Build.0 = Debug|x64
		{A703591E-08AB-4F79-A74A-42F418EF2A2F}.Debug|x86.ActiveCfg = Debug|Win32
		{A703591E-08AB-4F79-A74A-42F418EF2A2F}.Debug|x86.Build.0 = Debug|Win32
		{A703591E-08AB-4F79-A74A-42F418EF2A2F}.Release|x64.ActiveCfg = Release|x64
		{A703591E-08AB-4F79-A74A-42F418EF2A2F}.Release|x64.Build.0 = Release|x64
		{A703591E-08AB-4F79-A74A-42F418EF2A2F}.Release|x86.ActiveCfg = Release|Win32
		{A703591E-08AB-4F79-A74A-42F418EF2A2F}.Release|x86.Build.0 = Release|Win32
		{A703591E-08AB-4F79-A74A-42F418EF2A2F}.ReleaseParallel|x64.ActiveCfg = Release|x64
		{A703591E-08AB-4F79-A74A-42F418EF2A2F}.ReleaseParallel|x64.Build.0 = Release|x64
		{A703591E-08AB-4F79-A74A-42F418EF2A2F}.ReleaseParallel|x86.ActiveCfg = Release|Win32
		{A703591E-08AB-4F79-A74A-42F418EF2A2F}.ReleaseParallel|x86.Build.0 = Release|Win32
		{FBCB8A0D-BC0C-406E-B5FC-CA260C195056}.Debug|x64.ActiveCfg = Debug|x64
		{FBCB8A0D-BC0C-406E-B5FC-CA260C195056}.Debug|x64.Build.0 = Debug|x64
		{FBCB8A0D-BC0C-406E-B5FC-CA260C195056}.Debug|x86.ActiveCfg = Debug|x86
		{FBCB8A0D-BC0C-406E-B5FC-CA260C195056}.Debug|x86.Build.0 = Debug|x86
		{FBCB8A0D-BC0C-406E-B5FC-CA260C195056}.Release|x64.ActiveCfg = Release|x64
		{FBCB8A0D-BC0C-406E-B5FC-CA260C195056}.Release|x64.Build.0 = Release|x64
		{FBCB8A0D-BC0C-406E-B5FC-CA260C195056}.Release|x86.ActiveCfg = Release|x86
		{FBCB8A0D-BC0C-406E-B5FC-CA260C195056}.Release|x86.Build.0 = Release|x86
		{FBCB8A0D-BC0C-406E-B5FC-CA260C195056}.ReleaseParallel|x64.ActiveCfg = Release|x64
		{FBCB8A0D-BC0C-406E-B5FC-CA260C195056}.ReleaseParallel|x64.Build.0 = Release|x64
		{FBCB8A0D-BC0C-406E-B5FC-CA260C195056}.ReleaseParallel|x86.ActiveCfg = Release|x86
		{FBCB8A0D-BC0C-406E-B5FC-CA260C195056}.ReleaseParallel|x86.Build.0 = Release|x86
		{0B054D74-6082-452F-9744-5FBE12C7D476}.Debug|x64.ActiveCfg = Debug|x64
		{0B054D74-6082-452F-9744-5FBE12C7D476}.Debug|x64.Build.0 = Debug|x64
		{0B054D74-6082-452F-9744-5FBE12C7D476}.Debug|x86.ActiveCfg = Debug|Win32
		{0B054D74-6082-452F-9744-5FBE12C7D476}.Debug|x86.Build.0 = Debug|Win32
		{0B054D74-6082-452F-9744-5FBE12C7D476}.Release|x64.ActiveCfg = Release|x64
		{0B054D74-6082-452F-9744-5FBE12C7D476}.Release|x64.Build.0 = Release|x64
		{0B054D74-6082-452F-9744-5FBE12C7D476}.Release|x86.ActiveCfg = Release|Win32
		{0B054D74-6082-452F-9744-5FBE12C7D476}.Release|x86.Build.0 = Release|Win32
		{0B054D74-6082-452F-9744-5FBE12C7D476}.ReleaseParallel|x64.ActiveCfg = ReleaseParallel|x64
		{0B054D74-6082-452F-9744-5FBE12C7D476}.ReleaseParallel|x64.Build.0 = ReleaseParallel|x64
		{0B054D74-6082-452F-9744-5FBE12C7D476}.ReleaseParallel|x86.ActiveCfg = ReleaseParallel|Win32
		{0B054D74-6082-452F-9744-5FBE12C7D476}.ReleaseParallel|x86.Build.0 = ReleaseParallel|Win32
		{5A9043A5-CB87-4E2B-807C-74830BFFAE39}.Debug|x64.ActiveCfg = Debug|x64
		{5A9043A5-CB87-4E2B-807C-74830BFFAE39}.Debug|x64.Build.0 = Debug|x64
		{5A9043A5-CB87-4E2B-807C-74830BFFAE39}.Debug|x86.ActiveCfg = Debug|Win32
		{5A9043A5-CB87-4E2B-807C-74830BFFAE39}.Debug|x86.Build.0 = Debug|Win32
		{5A9043A5-CB87-4E2B-807C-74830BFFAE39}.Release|x64.ActiveCfg = Release|x64
		{5A9043A5-CB87-4E2B-807C-74830BFFAE39}.Release|x64.Build.0 = Release|x64
		{5A9043A5-CB87-4E2B-807C-74830BFFAE39}.Release|x86.ActiveCfg = Release|Win32
		{5A9043A5-CB87-4E2B-807C-74830BFFAE39}.Release|x86.Build.0 = Release|Win32
		{5A9043A5-CB87-4E2B-807C-74830BFFAE39}.ReleaseParallel|x64.ActiveCfg = ReleaseParallel|x64
		{5A9043A5-CB87-4E2B-807C-74830BFFAE39}.ReleaseParallel|x64.Build.0 = ReleaseParallel|x64
		{5A9043A5-CB87-4E2B-807C-74830BFFAE39}.ReleaseParallel|x86.ActiveCfg = ReleaseParallel|Win32
		{5A9043A5-CB87-4E2B-807C-74830BFFAE39}.ReleaseParallel|x86.Build.0 = ReleaseParallel|Win32
		{22911998-FEDD-44AC-902F-CFEFA060C36A}.Debug|x64.ActiveCfg = Debug|x64
		{22911998-FEDD-44AC-902F-CFEFA060C36A}.Debug|x64.Build.0 = Debug|x64
		{22911998-FEDD-44AC-902F-CFEFA060C36A}.Debug|x86.ActiveCfg = Debug|Win32
		{22911998-FEDD-44AC-902F-CFEFA060C36A}.Debug|x86.Build.0 = Debug|Win32
		{22911998-FEDD-44AC-902F-CFEFA060C36A}.Release|x64.ActiveCfg = Release|x64
		{22911998-FEDD-44AC-902F-CFEFA060C36A}.Release|x64.Build.0 = Release|x64
		{22911998-FEDD-44AC-902F-CFEFA060C36A}.Release|x86.ActiveCfg = Release|Win32
		{22911998-FEDD-44AC-902F-CFEFA060C36A}.Release|x86.Build.0 = Release|Win32
		{22911998-FEDD-44AC-902F-CFEFA060C36A}.ReleaseParallel|x64.ActiveCfg = Release|x64
		{22911998-FEDD-44AC-902F-CFEFA060C36A}.ReleaseParallel|x64.Build.0 = Release|x64
		{22911998-FEDD-44AC-902F-CFEFA060C36A}.ReleaseParallel|x86.ActiveCfg = Release|Win32
		{22911998-FEDD-44AC-902F-CFEFA060C36A}.ReleaseParallel|x86.Build.0 = Release|Win32
		{1E645A44-00EF-4093-9F6A-1D082BD43BDB}.Debug|x64.ActiveCfg = Debug|x64
		{1E645A44-00EF-4093-9F6A-1D082BD43BDB}.Debug|x64.Build.0 = Debug|x64
		{1E645A44-00EF-4093-9F6A-1D082BD43BDB}.Debug|x86.ActiveCfg = Debug|Win32
		{1E645A44-00EF-4093-9F6A-1D082BD43BDB}.Debug|x86.Build.0 = Debug|Win32
		{1E645A44-00EF-4093-9F6A-1D082BD43BDB}.Release|x64.ActiveCfg = Release|x64
		{1E645A44-00EF-4093-9F6A-1D082BD43BDB}.Release|x64.Build.0 = Release|x64
		{1E645A44-00EF-4093-9F6A-1D082BD43BDB}.Release|x86.ActiveCfg = Release|Win32
		{1E645A44-00EF-4093-9F6A-1D082BD43BDB}.Release|x86.Build.0 = Release|Win32
		{1E645A44-00EF-4093-9F6A-1D082BD43BDB}.ReleaseParallel|x64.ActiveCfg = Release|x64
		{1E645A44-00EF-4093-9F6A-1D082BD43BDB}.ReleaseParallel|x64.Build.0 = Release|x64
		{1E645A44-00EF-4093-9F6A-1D082BD43BDB}.ReleaseParallel|x86.ActiveCfg = Release|Win32
		{1E645A44-00EF-4093-9F6A-1D082BD43BDB}.ReleaseParallel|x86.Build.0 = Release|Win32
		{768B67D6-E6D3-4A8F-AA61-511FDBCE7937}.Debug|x64.ActiveCfg = Debug|x64
		{768B67D6-E6D3-4A8F-AA61-511FDBCE7937}.Debug|x64.Build.0 = Debug|x64
		{768B67D6-E6D3-4A8F-AA61-511FDBCE7937}.Debug|x86.ActiveCfg = Debug|Win32
		{768B67D6-E6D3-4A8F-AA61-511FDBCE7937}.Debug|x86.Build.0 = Debug|Win32
		{768B67D6-E6D3-4A8F-AA61-511FDBCE7937}.Release|x64.ActiveCfg = Release|x64
		{768B67D6-E6D3-4A8F-AA61-511FDBCE7937}.Release|x64.Build.0 = Release|x64
		{768B67D6-E6D3-4A8F-AA61-511FDBCE7937}.Release|x86.ActiveCfg = Release|Win32
		{768B67D6-E6D3-4A8F-AA61-511FDBCE7937}.Release|x86.Build.0 = Release|Win32
		{768B67D6-E6D3-4A8F-AA61-511FDBCE7937}.ReleaseParallel|x64.ActiveCfg = Release|x64
		{768B67D6-E6D3-4A8F-AA61-511FDBCE7937}.ReleaseParallel|x64.Build.0 = Release|x64
		{768B67D6-E6D3-4A8F-AA61-511FDBCE7937}.ReleaseParallel|x86.ActiveCfg = Release|Win32
		{768B67D6-E6D3-4A8F-AA61-511FDBCE7937}.ReleaseParallel|x86.Build.0 = Release|Win32
		{79433425-EC16-410F-9B91-8D31D2109C90}.Debug|x64.ActiveCfg = Debug|x64
		{79433425-EC16-410F-9B91-8D31D2109C90}.Debug|x64.Build.0 = Debug|x64
		{79433425-EC16-410F-9B91-8D31D2109C90}.Debug|x86.ActiveCfg = Debug|Win32
		{79433425-EC16-410F-9B91-8D31D2109C90}.Debug|x86.Build.0 = Debug|Win32
		{79433425-EC16-410F-9B91-8D31D2109C90}.Release|x64.ActiveCfg = Release|x64
		{79433425-EC16-410F-9B91-8D31D2109C90}.Release|x64.Build.0 = Release|x64
		{79433425-EC16-410F-9B91-8D31D2109C90}.Release|x86.ActiveCfg = Release|Win32
		{79433425-EC16-410F-9B91-8D31D2109C90}.Release|x86.Build.0 = Release|Win32
		{79433425-EC16-410F-9B91-8D31D2109C90}.ReleaseParallel|x64.ActiveCfg = Release|x64
		{79433425-EC16-410F-9B91-8D31D2109C90}.ReleaseParallel|x64.Build.0 = Release|x64
		{79433425-EC16-410F-9B91-8D31D2109C90}.ReleaseParallel|x86.ActiveCfg = Release|Win32
		{79433425-EC16-410F-9B91-8D31D2109C90}.ReleaseParallel|x86.Build.0 = Release|Win32
		{6D2EF92A-D693-47E3-A325-A686E78C5FFD}.Debug|x64.ActiveCfg = Debug|x64
		{6D2EF92A-D693-47E3-A325-A686E78C5FFD}.Debug|x64.Build.0 = Debug|x64
		{6D2EF92A-D693-47E3-A325-A686E78C5FFD}.Debug|x86.ActiveCfg = Debug|Win32
		{6D2EF92A-D693-47E3-A325-A686E78C5FFD}.Debug|x86.Build.0 = Debug|Win32
		{6D2EF92A-D693-47E3-A325-A686E78C5FFD}.Release|x64.ActiveCfg = Release|x64
		{6D2EF92A-D693-47E3-A325-A686E78C5FFD}.Release|x64.Build.0 = Release|x64
		{6D2EF92A-D693-47E3-A325-A686E78C5FFD}.Release|x86.ActiveCfg = Release|Win32
		{6D2EF92A-D693-47E3-A325-A686E78C5FFD}.Release|x86.Build.0 = Release|Win32
		{6D2EF92A-D693-47E3-A325-A686E78C5FFD}.ReleaseParallel|x64.ActiveCfg = Release|x64
		{6D2EF92A-D693-47E3-A325-A686E78C5FFD}.ReleaseParallel|x64.Build.0 = Release|x64
		{6D2EF92A-D693-47E3-A325-A686E78C5FFD}.ReleaseParallel|x86.ActiveCfg = Release|Win32
		{6D2EF92A-D693-47E3-A325-A686E78C5FFD}.ReleaseParallel|x86.Build.0 = Release|Win32
		{BF5C7532-EE0A-479B-9993-72134087D530}.Debug|x64.ActiveCfg = Debug|x64
		{BF5C7532-EE0A-479B-9993-72134087D530}.Debug|x64.Build.0 = Debug|x64
		{BF5C7532-EE0A-479B-9993-72134087D530}.Debug|x86.ActiveCfg = Debug|Win32
		{BF5C7532-EE0A-479B-9993-72134087D530}.Debug|x86.Build.0 = Debug|Win32
		{BF5C7532-EE0A-479B-9993-72134087D530}.Release|x64.ActiveCfg = Release|x64
		{BF5C7532-EE0A-479B-9993-72134087D530}.Release|x64.Build.0 = Release|x64
		{BF5C7532-EE0A-479B-9993-72134087D530}.Release|x86.ActiveCfg = Release|Win32
		{BF5C7532-EE0A-479B-9993-72134087D530}.Release|x86.Build.0 = Release|Win32
		{BF5C7532-EE0A-479B-9993-72134087D530}.ReleaseParallel|x64.ActiveCfg = Release|x64
		{BF5C7532-EE0A-479B-9993-72134087D530}.ReleaseParallel|x64.Build.0 = Release|x64
		{BF5C7532-EE0A-479B-9993-72134087D530}.ReleaseParallel|x86.ActiveCfg = Release|Win32
		{BF5C7532-EE0A-479B-9993-72134087D530}.ReleaseParallel|x86.Build.0 = Release|Win32
		{14483695-D549-4E97-A4E5-70E98FF8FB4F}.Debug|x64.ActiveCfg = Debug|x64
		{14483695-D549-4E97-A4E5-70E98FF8FB4F}.Debug|x64.Build.0 = Debug|x64
		{14483695-D549-4E97-A4E5-70E98FF8FB4F}.Debug|x86.ActiveCfg = Debug|Win32
		{14483695-D549-4E97-A4E5-70E98FF8FB4F}.Debug|x86.Build.0 = Debug|Win32
		{14483695-D549-4E97-A4E5-70E98FF8FB4F}.Release|x64.ActiveCfg = Release|x64
		{14483695-D549-4E97-A4E5-70E98FF8FB4F}.Release|x64.Build.0 = Release|x64
		{14483695-D549-4E97-A4E5-70E98FF8FB4F}.Release|x86.ActiveCfg = Release|Win32
		{14483695-D549-4E97-A4E5-70E98FF8FB4F}.Release|x86.Build.0 = Release|Win32
		{14483695-D549-4E97-A4E5-70E98FF8FB4F}.ReleaseParallel|x64.ActiveCfg = Release|x64
		{14483695-D549-4E97-A4E5-70E98FF8FB4F}.ReleaseParallel|x64.Build.0 = Release|x64
		{14483695-D549-4E97-A4E5-70E98FF8FB4F}.ReleaseParallel|x86.ActiveCfg = Release|Win32
		{14483695-D549-4E97-A4E5-70E98FF8FB4F}.ReleaseParallel|x86.Build.0 = Release|Win32
	EndGlobalSection
	GlobalSection(SolutionProperties) = preSolution
		HideSolutionNode = FALSE
	EndGlobalSection
	GlobalSection(NestedProjects) = preSolution
		{0B054D74-6082-452F-9744-5FBE12C7D476} = {2969FE49-1110-4476-B8C0-F64CD5E84032}
		{5A9043A5-CB87-4E2B-807C-74830BFFAE39} = {2969FE49-1110-4476-B8C0-F64CD5E84032}
		{22911998-FEDD-44AC-902F-CFEFA060C36A} = {2969FE49-1110-4476-B8C0-F64CD5E84032}
		{1E645A44-00EF-4093-9F6A-1D082BD43BDB} = {2969FE49-1110-4476-B8C0-F64CD5E84032}
		{768B67D6-E6D3-4A8F-AA61-511FDBCE7937} = {2969FE49-1110-4476-B8C0-F64CD5E84032}
		{79433425-EC16-410F-9B91-8D31D2109C90} = {2969FE49-1110-4476-B8C0-F64CD5E84032}
		{6D2EF92A-D693-47E3-A325-A686E78C5FFD} = {2969FE49-1110-4476-B8C0-F64CD5E84032}
		{BF5C7532-EE0A-479B-9993-72134087D530} = {2969FE49-1110-4476-B8C0-F64CD5E84032}
	EndGlobalSection
	GlobalSection(ExtensibilityGlobals) = postSolution
		SolutionGuid = {1C418B8B-47F5-4DF0-B50B-4F5FBAEE968D}
	EndGlobalSection
EndGlobal
