Microsoft Visual Studio Solution File, Format Version 12.00
# Visual Studio Version 16
VisualStudioVersion = 16.0.29215.179
MinimumVisualStudioVersion = 10.0.40219.1
Project("{2150E333-8FDC-42A3-9474-1A3956D46DE8}") = "Solution Items", "Solution Items", "{F48F0304-01B7-4EF7-93B3-85F297B15C44}"
	ProjectSection(SolutionItems) = preProject
		..\..\.gitignore = ..\..\.gitignore
		..\..\appveyor.yml = ..\..\appveyor.yml
		..\..\AUTHORS.txt = ..\..\AUTHORS.txt
		..\..\build-third-party-license.bat = ..\..\build-third-party-license.bat
		..\..\CHANGELOG.txt = ..\..\CHANGELOG.txt
		..\..\LICENSE.txt = ..\..\LICENSE.txt
		..\..\NOTICE.txt = ..\..\NOTICE.txt
		..\..\.coin-or\projDesc.xml = ..\..\.coin-or\projDesc.xml
		..\..\README.md = ..\..\README.md
		..\..\THIRD-PARTY-LICENSE.txt = ..\..\THIRD-PARTY-LICENSE.txt
	EndProjectSection
EndProject
Project("{2150E333-8FDC-42A3-9474-1A3956D46DE8}") = "COIN-OR v16", "COIN-OR v16", "{2969FE49-1110-4476-B8C0-F64CD5E84032}"
EndProject
Project("{8BC9CEB8-8B4A-11D0-8D11-00A0C91BC942}") = "libCbc", "..\..\..\Cbc\MSVisualStudio\v16\libCbc\libCbc.vcxproj", "{0B054D74-6082-452F-9744-5FBE12C7D476}"
EndProject
Project("{8BC9CEB8-8B4A-11D0-8D11-00A0C91BC942}") = "libCbcSolver", "..\..\..\Cbc\MSVisualStudio\v16\libCbcSolver\libCbcSolver.vcxproj", "{5A9043A5-CB87-4E2B-807C-74830BFFAE39}"
EndProject
Project("{8BC9CEB8-8B4A-11D0-8D11-00A0C91BC942}") = "libOsiCbc", "..\..\..\Cbc\MSVisualStudio\v16\libOsiCbc\libOsiCbc.vcxproj", "{22911998-FEDD-44AC-902F-CFEFA060C36A}"
EndProject
Project("{8BC9CEB8-8B4A-11D0-8D11-00A0C91BC942}") = "libCgl", "..\..\..\Cgl\MSVisualStudio\v16\libCgl\libCgl.vcxproj", "{1E645A44-00EF-4093-9F6A-1D082BD43BDB}"
EndProject
Project("{8BC9CEB8-8B4A-11D0-8D11-00A0C91BC942}") = "libClp", "..\..\..\Clp\MSVisualStudio\v16\libClp\libClp.vcxproj", "{768B67D6-E6D3-4A8F-AA61-511FDBCE7937}"
EndProject
Project("{8BC9CEB8-8B4A-11D0-8D11-00A0C91BC942}") = "libOsiClp", "..\..\..\Clp\MSVisualStudio\v16\libOsiClp\libOsiClp.vcxproj", "{79433425-EC16-410F-9B91-8D31D2109C90}"
EndProject
Project("{8BC9CEB8-8B4A-11D0-8D11-00A0C91BC942}") = "libCoinUtils", "..\..\..\CoinUtils\MSVisualStudio\v16\libCoinUtils\libCoinUtils.vcxproj", "{6D2EF92A-D693-47E3-A325-A686E78C5FFD}"
EndProject
Project("{8BC9CEB8-8B4A-11D0-8D11-00A0C91BC942}") = "libOsi", "..\..\..\Osi\MSVisualStudio\v16\libOsi\libOsi.vcxproj", "{BF5C7532-EE0A-479B-9993-72134087D530}"
EndProject
Project("{9A19103F-16F7-4668-BE54-9A1E7A4F7556}") = "Sonnet", "Sonnet\Sonnet.csproj", "{F551FD31-5349-419D-92F2-EA8AC9C9E423}"
EndProject
Project("{FAE04EC0-301F-11D3-BF4B-00C04F79EFBC}") = "SonnetNET4", "SonnetNET4\SonnetNET4.csproj", "{650BCD91-B9AB-4A37-9A33-D1AE8CFFA49F}"
EndProject
Project("{9A19103F-16F7-4668-BE54-9A1E7A4F7556}") = "SonnetTest", "SonnetTest\SonnetTest.csproj", "{EA34BAD3-C294-408E-A4B7-17B7D3B2D7CD}"
EndProject
Project("{FAE04EC0-301F-11D3-BF4B-00C04F79EFBC}") = "SonnetTestNET4", "SonnetTestNET4\SonnetTestNET4.csproj", "{252E3E95-6E97-45E9-9470-26E11644C879}"
EndProject
Project("{8BC9CEB8-8B4A-11D0-8D11-00A0C91BC942}") = "SonnetWrapper", "SonnetWrapper\SonnetWrapper.vcxproj", "{BE645C4D-BC08-4BEE-9401-B4539720C735}"
EndProject
Project("{8BC9CEB8-8B4A-11D0-8D11-00A0C91BC942}") = "SonnetWrapperNET4", "SonnetWrapperNET4\SonnetWrapperNET4.vcxproj", "{A703591E-08AB-4F79-A74A-42F418EF2A2F}"
EndProject
Project("{2150E333-8FDC-42A3-9474-1A3956D46DE8}") = "Sonnet - NETCore", "Sonnet - NETCore", "{EF5C282E-F39D-43E8-95FC-757CAA2065B3}"
EndProject
Project("{2150E333-8FDC-42A3-9474-1A3956D46DE8}") = "Sonnet - NETFramework", "Sonnet - NETFramework", "{8181F0AF-A855-4175-AC04-8C29A8A814F1}"
EndProject
Project("{8BC9CEB8-8B4A-11D0-8D11-00A0C91BC942}") = "libOsiCommonTest", "..\..\..\Osi\MSVisualStudio\v16\libOsiCommonTest\libOsiCommonTest.vcxproj", "{109D6E6F-6D91-460F-86AE-DF27400E09A9}"
EndProject
Project("{8BC9CEB8-8B4A-11D0-8D11-00A0C91BC942}") = "OsiCbcUnitTest", "..\..\..\Cbc\MSVisualStudio\v16\OsiCbcUnitTest\OsiCbcUnitTest.vcxproj", "{BB058D80-D376-4F0F-87F7-E4760BC2C84D}"
	ProjectSection(ProjectDependencies) = postProject
		{79433425-EC16-410F-9B91-8D31D2109C90} = {79433425-EC16-410F-9B91-8D31D2109C90}
		{6D2EF92A-D693-47E3-A325-A686E78C5FFD} = {6D2EF92A-D693-47E3-A325-A686E78C5FFD}
		{BF5C7532-EE0A-479B-9993-72134087D530} = {BF5C7532-EE0A-479B-9993-72134087D530}
		{1E645A44-00EF-4093-9F6A-1D082BD43BDB} = {1E645A44-00EF-4093-9F6A-1D082BD43BDB}
		{109D6E6F-6D91-460F-86AE-DF27400E09A9} = {109D6E6F-6D91-460F-86AE-DF27400E09A9}
		{0B054D74-6082-452F-9744-5FBE12C7D476} = {0B054D74-6082-452F-9744-5FBE12C7D476}
		{22911998-FEDD-44AC-902F-CFEFA060C36A} = {22911998-FEDD-44AC-902F-CFEFA060C36A}
		{768B67D6-E6D3-4A8F-AA61-511FDBCE7937} = {768B67D6-E6D3-4A8F-AA61-511FDBCE7937}
	EndProjectSection
EndProject
Project("{8BC9CEB8-8B4A-11D0-8D11-00A0C91BC942}") = "cbc", "..\..\..\Cbc\MSVisualStudio\v16\cbc\cbc.vcxproj", "{EAF01AC1-8D19-4E37-9852-736DCFF67865}"
	ProjectSection(ProjectDependencies) = postProject
		{79433425-EC16-410F-9B91-8D31D2109C90} = {79433425-EC16-410F-9B91-8D31D2109C90}
		{6D2EF92A-D693-47E3-A325-A686E78C5FFD} = {6D2EF92A-D693-47E3-A325-A686E78C5FFD}
		{BF5C7532-EE0A-479B-9993-72134087D530} = {BF5C7532-EE0A-479B-9993-72134087D530}
		{1E645A44-00EF-4093-9F6A-1D082BD43BDB} = {1E645A44-00EF-4093-9F6A-1D082BD43BDB}
		{0B054D74-6082-452F-9744-5FBE12C7D476} = {0B054D74-6082-452F-9744-5FBE12C7D476}
		{5A9043A5-CB87-4E2B-807C-74830BFFAE39} = {5A9043A5-CB87-4E2B-807C-74830BFFAE39}
		{768B67D6-E6D3-4A8F-AA61-511FDBCE7937} = {768B67D6-E6D3-4A8F-AA61-511FDBCE7937}
	EndProjectSection
EndProject
Project("{2150E333-8FDC-42A3-9474-1A3956D46DE8}") = "Tests", "Tests", "{D7A6A624-56FF-4177-9382-DEBFDA33E5B5}"
EndProject
Project("{8BC9CEB8-8B4A-11D0-8D11-00A0C91BC942}") = "Clp", "..\..\..\Clp\MSVisualStudio\v16\Clp\Clp.vcxproj", "{E62F88EE-DC76-489A-99A8-8070099D9D4F}"
EndProject
Project("{8BC9CEB8-8B4A-11D0-8D11-00A0C91BC942}") = "CglUnitTest", "..\..\..\Cgl\MSVisualStudio\v16\CglUnitTest\CglUnitTest.vcxproj", "{FCF90EF8-93AE-482A-9B55-018B8338B99D}"
EndProject
Project("{2150E333-8FDC-42A3-9474-1A3956D46DE8}") = "lib", "lib", "{53EB451D-0B18-4046-9038-1CDD196DDF33}"
	ProjectSection(SolutionItems) = preProject
		..\..\lib\readme.txt = ..\..\lib\readme.txt
	EndProjectSection
EndProject
Project("{8BC9CEB8-8B4A-11D0-8D11-00A0C91BC942}") = "OsiClpUnitTest", "..\..\..\Clp\MSVisualStudio\v16\OsiClpUnitTest\OsiClpUnitTest.vcxproj", "{75367352-81A3-4707-8560-3005EDC37BBA}"
EndProject
Global
	GlobalSection(SolutionConfigurationPlatforms) = preSolution
		Debug|x64 = Debug|x64
		Debug|x86 = Debug|x86
		Release|x64 = Release|x64
		Release|x86 = Release|x86
		ReleaseParallel|x64 = ReleaseParallel|x64
		ReleaseParallel|x86 = ReleaseParallel|x86
	EndGlobalSection
	GlobalSection(ProjectConfigurationPlatforms) = postSolution
		{0B054D74-6082-452F-9744-5FBE12C7D476}.Debug|x64.ActiveCfg = Debug|x64
		{0B054D74-6082-452F-9744-5FBE12C7D476}.Debug|x64.Build.0 = Debug|x64
		{0B054D74-6082-452F-9744-5FBE12C7D476}.Debug|x86.ActiveCfg = Debug|Win32
		{0B054D74-6082-452F-9744-5FBE12C7D476}.Debug|x86.Build.0 = Debug|Win32
		{0B054D74-6082-452F-9744-5FBE12C7D476}.Release|x64.ActiveCfg = Release|x64
		{0B054D74-6082-452F-9744-5FBE12C7D476}.Release|x64.Build.0 = Release|x64
		{0B054D74-6082-452F-9744-5FBE12C7D476}.Release|x86.ActiveCfg = Release|Win32
		{0B054D74-6082-452F-9744-5FBE12C7D476}.Release|x86.Build.0 = Release|Win32
		{0B054D74-6082-452F-9744-5FBE12C7D476}.ReleaseParallel|x64.ActiveCfg = ReleaseParallel|x64
		{0B054D74-6082-452F-9744-5FBE12C7D476}.ReleaseParallel|x64.Build.0 = ReleaseParallel|x64
		{0B054D74-6082-452F-9744-5FBE12C7D476}.ReleaseParallel|x86.ActiveCfg = ReleaseParallel|Win32
		{0B054D74-6082-452F-9744-5FBE12C7D476}.ReleaseParallel|x86.Build.0 = ReleaseParallel|Win32
		{5A9043A5-CB87-4E2B-807C-74830BFFAE39}.Debug|x64.ActiveCfg = Debug|x64
		{5A9043A5-CB87-4E2B-807C-74830BFFAE39}.Debug|x64.Build.0 = Debug|x64
		{5A9043A5-CB87-4E2B-807C-74830BFFAE39}.Debug|x86.ActiveCfg = Debug|Win32
		{5A9043A5-CB87-4E2B-807C-74830BFFAE39}.Debug|x86.Build.0 = Debug|Win32
		{5A9043A5-CB87-4E2B-807C-74830BFFAE39}.Release|x64.ActiveCfg = Release|x64
		{5A9043A5-CB87-4E2B-807C-74830BFFAE39}.Release|x64.Build.0 = Release|x64
		{5A9043A5-CB87-4E2B-807C-74830BFFAE39}.Release|x86.ActiveCfg = Release|Win32
		{5A9043A5-CB87-4E2B-807C-74830BFFAE39}.Release|x86.Build.0 = Release|Win32
		{5A9043A5-CB87-4E2B-807C-74830BFFAE39}.ReleaseParallel|x64.ActiveCfg = ReleaseParallel|x64
		{5A9043A5-CB87-4E2B-807C-74830BFFAE39}.ReleaseParallel|x64.Build.0 = ReleaseParallel|x64
		{5A9043A5-CB87-4E2B-807C-74830BFFAE39}.ReleaseParallel|x86.ActiveCfg = ReleaseParallel|Win32
		{5A9043A5-CB87-4E2B-807C-74830BFFAE39}.ReleaseParallel|x86.Build.0 = ReleaseParallel|Win32
		{22911998-FEDD-44AC-902F-CFEFA060C36A}.Debug|x64.ActiveCfg = Debug|x64
		{22911998-FEDD-44AC-902F-CFEFA060C36A}.Debug|x64.Build.0 = Debug|x64
		{22911998-FEDD-44AC-902F-CFEFA060C36A}.Debug|x86.ActiveCfg = Debug|Win32
		{22911998-FEDD-44AC-902F-CFEFA060C36A}.Debug|x86.Build.0 = Debug|Win32
		{22911998-FEDD-44AC-902F-CFEFA060C36A}.Release|x64.ActiveCfg = Release|x64
		{22911998-FEDD-44AC-902F-CFEFA060C36A}.Release|x64.Build.0 = Release|x64
		{22911998-FEDD-44AC-902F-CFEFA060C36A}.Release|x86.ActiveCfg = Release|Win32
		{22911998-FEDD-44AC-902F-CFEFA060C36A}.Release|x86.Build.0 = Release|Win32
		{22911998-FEDD-44AC-902F-CFEFA060C36A}.ReleaseParallel|x64.ActiveCfg = Release|x64
		{22911998-FEDD-44AC-902F-CFEFA060C36A}.ReleaseParallel|x64.Build.0 = Release|x64
		{22911998-FEDD-44AC-902F-CFEFA060C36A}.ReleaseParallel|x86.ActiveCfg = Release|Win32
		{22911998-FEDD-44AC-902F-CFEFA060C36A}.ReleaseParallel|x86.Build.0 = Release|Win32
		{1E645A44-00EF-4093-9F6A-1D082BD43BDB}.Debug|x64.ActiveCfg = Debug|x64
		{1E645A44-00EF-4093-9F6A-1D082BD43BDB}.Debug|x64.Build.0 = Debug|x64
		{1E645A44-00EF-4093-9F6A-1D082BD43BDB}.Debug|x86.ActiveCfg = Debug|Win32
		{1E645A44-00EF-4093-9F6A-1D082BD43BDB}.Debug|x86.Build.0 = Debug|Win32
		{1E645A44-00EF-4093-9F6A-1D082BD43BDB}.Release|x64.ActiveCfg = Release|x64
		{1E645A44-00EF-4093-9F6A-1D082BD43BDB}.Release|x64.Build.0 = Release|x64
		{1E645A44-00EF-4093-9F6A-1D082BD43BDB}.Release|x86.ActiveCfg = Release|Win32
		{1E645A44-00EF-4093-9F6A-1D082BD43BDB}.Release|x86.Build.0 = Release|Win32
		{1E645A44-00EF-4093-9F6A-1D082BD43BDB}.ReleaseParallel|x64.ActiveCfg = Release|x64
		{1E645A44-00EF-4093-9F6A-1D082BD43BDB}.ReleaseParallel|x64.Build.0 = Release|x64
		{1E645A44-00EF-4093-9F6A-1D082BD43BDB}.ReleaseParallel|x86.ActiveCfg = Release|Win32
		{1E645A44-00EF-4093-9F6A-1D082BD43BDB}.ReleaseParallel|x86.Build.0 = Release|Win32
		{768B67D6-E6D3-4A8F-AA61-511FDBCE7937}.Debug|x64.ActiveCfg = Debug|x64
		{768B67D6-E6D3-4A8F-AA61-511FDBCE7937}.Debug|x64.Build.0 = Debug|x64
		{768B67D6-E6D3-4A8F-AA61-511FDBCE7937}.Debug|x86.ActiveCfg = Debug|Win32
		{768B67D6-E6D3-4A8F-AA61-511FDBCE7937}.Debug|x86.Build.0 = Debug|Win32
		{768B67D6-E6D3-4A8F-AA61-511FDBCE7937}.Release|x64.ActiveCfg = Release|x64
		{768B67D6-E6D3-4A8F-AA61-511FDBCE7937}.Release|x64.Build.0 = Release|x64
		{768B67D6-E6D3-4A8F-AA61-511FDBCE7937}.Release|x86.ActiveCfg = Release|Win32
		{768B67D6-E6D3-4A8F-AA61-511FDBCE7937}.Release|x86.Build.0 = Release|Win32
		{768B67D6-E6D3-4A8F-AA61-511FDBCE7937}.ReleaseParallel|x64.ActiveCfg = Release|x64
		{768B67D6-E6D3-4A8F-AA61-511FDBCE7937}.ReleaseParallel|x64.Build.0 = Release|x64
		{768B67D6-E6D3-4A8F-AA61-511FDBCE7937}.ReleaseParallel|x86.ActiveCfg = Release|Win32
		{768B67D6-E6D3-4A8F-AA61-511FDBCE7937}.ReleaseParallel|x86.Build.0 = Release|Win32
		{79433425-EC16-410F-9B91-8D31D2109C90}.Debug|x64.ActiveCfg = Debug|x64
		{79433425-EC16-410F-9B91-8D31D2109C90}.Debug|x64.Build.0 = Debug|x64
		{79433425-EC16-410F-9B91-8D31D2109C90}.Debug|x86.ActiveCfg = Debug|Win32
		{79433425-EC16-410F-9B91-8D31D2109C90}.Debug|x86.Build.0 = Debug|Win32
		{79433425-EC16-410F-9B91-8D31D2109C90}.Release|x64.ActiveCfg = Release|x64
		{79433425-EC16-410F-9B91-8D31D2109C90}.Release|x64.Build.0 = Release|x64
		{79433425-EC16-410F-9B91-8D31D2109C90}.Release|x86.ActiveCfg = Release|Win32
		{79433425-EC16-410F-9B91-8D31D2109C90}.Release|x86.Build.0 = Release|Win32
		{79433425-EC16-410F-9B91-8D31D2109C90}.ReleaseParallel|x64.ActiveCfg = Release|x64
		{79433425-EC16-410F-9B91-8D31D2109C90}.ReleaseParallel|x64.Build.0 = Release|x64
		{79433425-EC16-410F-9B91-8D31D2109C90}.ReleaseParallel|x86.ActiveCfg = Release|Win32
		{79433425-EC16-410F-9B91-8D31D2109C90}.ReleaseParallel|x86.Build.0 = Release|Win32
		{6D2EF92A-D693-47E3-A325-A686E78C5FFD}.Debug|x64.ActiveCfg = Debug|x64
		{6D2EF92A-D693-47E3-A325-A686E78C5FFD}.Debug|x64.Build.0 = Debug|x64
		{6D2EF92A-D693-47E3-A325-A686E78C5FFD}.Debug|x86.ActiveCfg = Debug|Win32
		{6D2EF92A-D693-47E3-A325-A686E78C5FFD}.Debug|x86.Build.0 = Debug|Win32
		{6D2EF92A-D693-47E3-A325-A686E78C5FFD}.Release|x64.ActiveCfg = Release|x64
		{6D2EF92A-D693-47E3-A325-A686E78C5FFD}.Release|x64.Build.0 = Release|x64
		{6D2EF92A-D693-47E3-A325-A686E78C5FFD}.Release|x86.ActiveCfg = Release|Win32
		{6D2EF92A-D693-47E3-A325-A686E78C5FFD}.Release|x86.Build.0 = Release|Win32
		{6D2EF92A-D693-47E3-A325-A686E78C5FFD}.ReleaseParallel|x64.ActiveCfg = Release|x64
		{6D2EF92A-D693-47E3-A325-A686E78C5FFD}.ReleaseParallel|x64.Build.0 = Release|x64
		{6D2EF92A-D693-47E3-A325-A686E78C5FFD}.ReleaseParallel|x86.ActiveCfg = Release|Win32
		{6D2EF92A-D693-47E3-A325-A686E78C5FFD}.ReleaseParallel|x86.Build.0 = Release|Win32
		{BF5C7532-EE0A-479B-9993-72134087D530}.Debug|x64.ActiveCfg = Debug|x64
		{BF5C7532-EE0A-479B-9993-72134087D530}.Debug|x64.Build.0 = Debug|x64
		{BF5C7532-EE0A-479B-9993-72134087D530}.Debug|x86.ActiveCfg = Debug|Win32
		{BF5C7532-EE0A-479B-9993-72134087D530}.Debug|x86.Build.0 = Debug|Win32
		{BF5C7532-EE0A-479B-9993-72134087D530}.Release|x64.ActiveCfg = Release|x64
		{BF5C7532-EE0A-479B-9993-72134087D530}.Release|x64.Build.0 = Release|x64
		{BF5C7532-EE0A-479B-9993-72134087D530}.Release|x86.ActiveCfg = Release|Win32
		{BF5C7532-EE0A-479B-9993-72134087D530}.Release|x86.Build.0 = Release|Win32
		{BF5C7532-EE0A-479B-9993-72134087D530}.ReleaseParallel|x64.ActiveCfg = Release|x64
		{BF5C7532-EE0A-479B-9993-72134087D530}.ReleaseParallel|x64.Build.0 = Release|x64
		{BF5C7532-EE0A-479B-9993-72134087D530}.ReleaseParallel|x86.ActiveCfg = Release|Win32
		{BF5C7532-EE0A-479B-9993-72134087D530}.ReleaseParallel|x86.Build.0 = Release|Win32
		{F551FD31-5349-419D-92F2-EA8AC9C9E423}.Debug|x64.ActiveCfg = Debug|x64
		{F551FD31-5349-419D-92F2-EA8AC9C9E423}.Debug|x64.Build.0 = Debug|x64
		{F551FD31-5349-419D-92F2-EA8AC9C9E423}.Debug|x86.ActiveCfg = Debug|x86
		{F551FD31-5349-419D-92F2-EA8AC9C9E423}.Debug|x86.Build.0 = Debug|x86
		{F551FD31-5349-419D-92F2-EA8AC9C9E423}.Release|x64.ActiveCfg = Release|x64
		{F551FD31-5349-419D-92F2-EA8AC9C9E423}.Release|x64.Build.0 = Release|x64
		{F551FD31-5349-419D-92F2-EA8AC9C9E423}.Release|x86.ActiveCfg = Release|x86
		{F551FD31-5349-419D-92F2-EA8AC9C9E423}.Release|x86.Build.0 = Release|x86
		{F551FD31-5349-419D-92F2-EA8AC9C9E423}.ReleaseParallel|x64.ActiveCfg = Release|x64
		{F551FD31-5349-419D-92F2-EA8AC9C9E423}.ReleaseParallel|x64.Build.0 = Release|x64
		{F551FD31-5349-419D-92F2-EA8AC9C9E423}.ReleaseParallel|x86.ActiveCfg = Release|x86
		{F551FD31-5349-419D-92F2-EA8AC9C9E423}.ReleaseParallel|x86.Build.0 = Release|x86
		{650BCD91-B9AB-4A37-9A33-D1AE8CFFA49F}.Debug|x64.ActiveCfg = Debug|x64
		{650BCD91-B9AB-4A37-9A33-D1AE8CFFA49F}.Debug|x64.Build.0 = Debug|x64
		{650BCD91-B9AB-4A37-9A33-D1AE8CFFA49F}.Debug|x86.ActiveCfg = Debug|x86
		{650BCD91-B9AB-4A37-9A33-D1AE8CFFA49F}.Debug|x86.Build.0 = Debug|x86
		{650BCD91-B9AB-4A37-9A33-D1AE8CFFA49F}.Release|x64.ActiveCfg = Release|x64
		{650BCD91-B9AB-4A37-9A33-D1AE8CFFA49F}.Release|x64.Build.0 = Release|x64
		{650BCD91-B9AB-4A37-9A33-D1AE8CFFA49F}.Release|x86.ActiveCfg = Release|x86
		{650BCD91-B9AB-4A37-9A33-D1AE8CFFA49F}.Release|x86.Build.0 = Release|x86
		{650BCD91-B9AB-4A37-9A33-D1AE8CFFA49F}.ReleaseParallel|x64.ActiveCfg = Release|x64
		{650BCD91-B9AB-4A37-9A33-D1AE8CFFA49F}.ReleaseParallel|x64.Build.0 = Release|x64
		{650BCD91-B9AB-4A37-9A33-D1AE8CFFA49F}.ReleaseParallel|x86.ActiveCfg = Release|x86
		{650BCD91-B9AB-4A37-9A33-D1AE8CFFA49F}.ReleaseParallel|x86.Build.0 = Release|x86
		{EA34BAD3-C294-408E-A4B7-17B7D3B2D7CD}.Debug|x64.ActiveCfg = Debug|x64
		{EA34BAD3-C294-408E-A4B7-17B7D3B2D7CD}.Debug|x64.Build.0 = Debug|x64
		{EA34BAD3-C294-408E-A4B7-17B7D3B2D7CD}.Debug|x86.ActiveCfg = Debug|x86
		{EA34BAD3-C294-408E-A4B7-17B7D3B2D7CD}.Debug|x86.Build.0 = Debug|x86
		{EA34BAD3-C294-408E-A4B7-17B7D3B2D7CD}.Release|x64.ActiveCfg = Release|x64
		{EA34BAD3-C294-408E-A4B7-17B7D3B2D7CD}.Release|x64.Build.0 = Release|x64
		{EA34BAD3-C294-408E-A4B7-17B7D3B2D7CD}.Release|x86.ActiveCfg = Release|x86
		{EA34BAD3-C294-408E-A4B7-17B7D3B2D7CD}.Release|x86.Build.0 = Release|x86
		{EA34BAD3-C294-408E-A4B7-17B7D3B2D7CD}.ReleaseParallel|x64.ActiveCfg = Release|x64
		{EA34BAD3-C294-408E-A4B7-17B7D3B2D7CD}.ReleaseParallel|x64.Build.0 = Release|x64
		{EA34BAD3-C294-408E-A4B7-17B7D3B2D7CD}.ReleaseParallel|x86.ActiveCfg = Release|x86
		{EA34BAD3-C294-408E-A4B7-17B7D3B2D7CD}.ReleaseParallel|x86.Build.0 = Release|x86
		{252E3E95-6E97-45E9-9470-26E11644C879}.Debug|x64.ActiveCfg = Debug|x64
		{252E3E95-6E97-45E9-9470-26E11644C879}.Debug|x64.Build.0 = Debug|x64
		{252E3E95-6E97-45E9-9470-26E11644C879}.Debug|x86.ActiveCfg = Debug|x86
		{252E3E95-6E97-45E9-9470-26E11644C879}.Debug|x86.Build.0 = Debug|x86
		{252E3E95-6E97-45E9-9470-26E11644C879}.Release|x64.ActiveCfg = Release|x64
		{252E3E95-6E97-45E9-9470-26E11644C879}.Release|x64.Build.0 = Release|x64
		{252E3E95-6E97-45E9-9470-26E11644C879}.Release|x86.ActiveCfg = Release|x86
		{252E3E95-6E97-45E9-9470-26E11644C879}.Release|x86.Build.0 = Release|x86
		{252E3E95-6E97-45E9-9470-26E11644C879}.ReleaseParallel|x64.ActiveCfg = Release|x64
		{252E3E95-6E97-45E9-9470-26E11644C879}.ReleaseParallel|x64.Build.0 = Release|x64
		{252E3E95-6E97-45E9-9470-26E11644C879}.ReleaseParallel|x86.ActiveCfg = Release|x86
		{252E3E95-6E97-45E9-9470-26E11644C879}.ReleaseParallel|x86.Build.0 = Release|x86
		{BE645C4D-BC08-4BEE-9401-B4539720C735}.Debug|x64.ActiveCfg = Debug|x64
		{BE645C4D-BC08-4BEE-9401-B4539720C735}.Debug|x64.Build.0 = Debug|x64
		{BE645C4D-BC08-4BEE-9401-B4539720C735}.Debug|x86.ActiveCfg = Debug|Win32
		{BE645C4D-BC08-4BEE-9401-B4539720C735}.Debug|x86.Build.0 = Debug|Win32
		{BE645C4D-BC08-4BEE-9401-B4539720C735}.Release|x64.ActiveCfg = Release|x64
		{BE645C4D-BC08-4BEE-9401-B4539720C735}.Release|x64.Build.0 = Release|x64
		{BE645C4D-BC08-4BEE-9401-B4539720C735}.Release|x86.ActiveCfg = Release|Win32
		{BE645C4D-BC08-4BEE-9401-B4539720C735}.Release|x86.Build.0 = Release|Win32
		{BE645C4D-BC08-4BEE-9401-B4539720C735}.ReleaseParallel|x64.ActiveCfg = ReleaseParallel|x64
		{BE645C4D-BC08-4BEE-9401-B4539720C735}.ReleaseParallel|x64.Build.0 = ReleaseParallel|x64
		{BE645C4D-BC08-4BEE-9401-B4539720C735}.ReleaseParallel|x86.ActiveCfg = ReleaseParallel|Win32
		{BE645C4D-BC08-4BEE-9401-B4539720C735}.ReleaseParallel|x86.Build.0 = ReleaseParallel|Win32
		{A703591E-08AB-4F79-A74A-42F418EF2A2F}.Debug|x64.ActiveCfg = Debug|x64
		{A703591E-08AB-4F79-A74A-42F418EF2A2F}.Debug|x64.Build.0 = Debug|x64
		{A703591E-08AB-4F79-A74A-42F418EF2A2F}.Debug|x86.ActiveCfg = Debug|Win32
		{A703591E-08AB-4F79-A74A-42F418EF2A2F}.Debug|x86.Build.0 = Debug|Win32
		{A703591E-08AB-4F79-A74A-42F418EF2A2F}.Release|x64.ActiveCfg = Release|x64
		{A703591E-08AB-4F79-A74A-42F418EF2A2F}.Release|x64.Build.0 = Release|x64
		{A703591E-08AB-4F79-A74A-42F418EF2A2F}.Release|x86.ActiveCfg = Release|Win32
		{A703591E-08AB-4F79-A74A-42F418EF2A2F}.Release|x86.Build.0 = Release|Win32
		{A703591E-08AB-4F79-A74A-42F418EF2A2F}.ReleaseParallel|x64.ActiveCfg = ReleaseParallel|x64
		{A703591E-08AB-4F79-A74A-42F418EF2A2F}.ReleaseParallel|x64.Build.0 = ReleaseParallel|x64
		{A703591E-08AB-4F79-A74A-42F418EF2A2F}.ReleaseParallel|x86.ActiveCfg = ReleaseParallel|Win32
		{A703591E-08AB-4F79-A74A-42F418EF2A2F}.ReleaseParallel|x86.Build.0 = ReleaseParallel|Win32
		{109D6E6F-6D91-460F-86AE-DF27400E09A9}.Debug|x64.ActiveCfg = Debug|x64
		{109D6E6F-6D91-460F-86AE-DF27400E09A9}.Debug|x64.Build.0 = Debug|x64
		{109D6E6F-6D91-460F-86AE-DF27400E09A9}.Debug|x86.ActiveCfg = Debug|Win32
		{109D6E6F-6D91-460F-86AE-DF27400E09A9}.Debug|x86.Build.0 = Debug|Win32
		{109D6E6F-6D91-460F-86AE-DF27400E09A9}.Release|x64.ActiveCfg = Release|x64
		{109D6E6F-6D91-460F-86AE-DF27400E09A9}.Release|x64.Build.0 = Release|x64
		{109D6E6F-6D91-460F-86AE-DF27400E09A9}.Release|x86.ActiveCfg = Release|Win32
		{109D6E6F-6D91-460F-86AE-DF27400E09A9}.Release|x86.Build.0 = Release|Win32
		{109D6E6F-6D91-460F-86AE-DF27400E09A9}.ReleaseParallel|x64.ActiveCfg = Release|x64
		{109D6E6F-6D91-460F-86AE-DF27400E09A9}.ReleaseParallel|x64.Build.0 = Release|x64
		{109D6E6F-6D91-460F-86AE-DF27400E09A9}.ReleaseParallel|x86.ActiveCfg = Release|Win32
		{109D6E6F-6D91-460F-86AE-DF27400E09A9}.ReleaseParallel|x86.Build.0 = Release|Win32
		{BB058D80-D376-4F0F-87F7-E4760BC2C84D}.Debug|x64.ActiveCfg = Debug|x64
		{BB058D80-D376-4F0F-87F7-E4760BC2C84D}.Debug|x64.Build.0 = Debug|x64
		{BB058D80-D376-4F0F-87F7-E4760BC2C84D}.Debug|x86.ActiveCfg = Debug|Win32
		{BB058D80-D376-4F0F-87F7-E4760BC2C84D}.Debug|x86.Build.0 = Debug|Win32
		{BB058D80-D376-4F0F-87F7-E4760BC2C84D}.Release|x64.ActiveCfg = Release|x64
		{BB058D80-D376-4F0F-87F7-E4760BC2C84D}.Release|x64.Build.0 = Release|x64
		{BB058D80-D376-4F0F-87F7-E4760BC2C84D}.Release|x86.ActiveCfg = Release|Win32
		{BB058D80-D376-4F0F-87F7-E4760BC2C84D}.Release|x86.Build.0 = Release|Win32
		{BB058D80-D376-4F0F-87F7-E4760BC2C84D}.ReleaseParallel|x64.ActiveCfg = Release|x64
		{BB058D80-D376-4F0F-87F7-E4760BC2C84D}.ReleaseParallel|x86.ActiveCfg = Release|Win32
		{EAF01AC1-8D19-4E37-9852-736DCFF67865}.Debug|x64.ActiveCfg = Debug|x64
		{EAF01AC1-8D19-4E37-9852-736DCFF67865}.Debug|x64.Build.0 = Debug|x64
		{EAF01AC1-8D19-4E37-9852-736DCFF67865}.Debug|x86.ActiveCfg = Debug|Win32
		{EAF01AC1-8D19-4E37-9852-736DCFF67865}.Debug|x86.Build.0 = Debug|Win32
		{EAF01AC1-8D19-4E37-9852-736DCFF67865}.Release|x64.ActiveCfg = Release|x64
		{EAF01AC1-8D19-4E37-9852-736DCFF67865}.Release|x64.Build.0 = Release|x64
		{EAF01AC1-8D19-4E37-9852-736DCFF67865}.Release|x86.ActiveCfg = Release|Win32
		{EAF01AC1-8D19-4E37-9852-736DCFF67865}.Release|x86.Build.0 = Release|Win32
		{EAF01AC1-8D19-4E37-9852-736DCFF67865}.ReleaseParallel|x64.ActiveCfg = ReleaseParallel|x64
		{EAF01AC1-8D19-4E37-9852-736DCFF67865}.ReleaseParallel|x86.ActiveCfg = ReleaseParallel|Win32
		{E62F88EE-DC76-489A-99A8-8070099D9D4F}.Debug|x64.ActiveCfg = Debug|x64
		{E62F88EE-DC76-489A-99A8-8070099D9D4F}.Debug|x64.Build.0 = Debug|x64
		{E62F88EE-DC76-489A-99A8-8070099D9D4F}.Debug|x86.ActiveCfg = Debug|Win32
		{E62F88EE-DC76-489A-99A8-8070099D9D4F}.Debug|x86.Build.0 = Debug|Win32
		{E62F88EE-DC76-489A-99A8-8070099D9D4F}.Release|x64.ActiveCfg = Release|x64
		{E62F88EE-DC76-489A-99A8-8070099D9D4F}.Release|x64.Build.0 = Release|x64
		{E62F88EE-DC76-489A-99A8-8070099D9D4F}.Release|x86.ActiveCfg = Release|Win32
		{E62F88EE-DC76-489A-99A8-8070099D9D4F}.Release|x86.Build.0 = Release|Win32
		{E62F88EE-DC76-489A-99A8-8070099D9D4F}.ReleaseParallel|x64.ActiveCfg = Release|x64
		{E62F88EE-DC76-489A-99A8-8070099D9D4F}.ReleaseParallel|x86.ActiveCfg = Release|Win32
		{FCF90EF8-93AE-482A-9B55-018B8338B99D}.Debug|x64.ActiveCfg = Debug|x64
		{FCF90EF8-93AE-482A-9B55-018B8338B99D}.Debug|x64.Build.0 = Debug|x64
		{FCF90EF8-93AE-482A-9B55-018B8338B99D}.Debug|x86.ActiveCfg = Debug|Win32
		{FCF90EF8-93AE-482A-9B55-018B8338B99D}.Debug|x86.Build.0 = Debug|Win32
		{FCF90EF8-93AE-482A-9B55-018B8338B99D}.Release|x64.ActiveCfg = Release|x64
		{FCF90EF8-93AE-482A-9B55-018B8338B99D}.Release|x64.Build.0 = Release|x64
		{FCF90EF8-93AE-482A-9B55-018B8338B99D}.Release|x86.ActiveCfg = Release|Win32
		{FCF90EF8-93AE-482A-9B55-018B8338B99D}.Release|x86.Build.0 = Release|Win32
		{FCF90EF8-93AE-482A-9B55-018B8338B99D}.ReleaseParallel|x64.ActiveCfg = Release|x64
		{FCF90EF8-93AE-482A-9B55-018B8338B99D}.ReleaseParallel|x86.ActiveCfg = Release|Win32
		{75367352-81A3-4707-8560-3005EDC37BBA}.Debug|x64.ActiveCfg = Debug|x64
		{75367352-81A3-4707-8560-3005EDC37BBA}.Debug|x64.Build.0 = Debug|x64
		{75367352-81A3-4707-8560-3005EDC37BBA}.Debug|x86.ActiveCfg = Debug|Win32
		{75367352-81A3-4707-8560-3005EDC37BBA}.Debug|x86.Build.0 = Debug|Win32
		{75367352-81A3-4707-8560-3005EDC37BBA}.Release|x64.ActiveCfg = Release|x64
		{75367352-81A3-4707-8560-3005EDC37BBA}.Release|x64.Build.0 = Release|x64
		{75367352-81A3-4707-8560-3005EDC37BBA}.Release|x86.ActiveCfg = Release|Win32
		{75367352-81A3-4707-8560-3005EDC37BBA}.Release|x86.Build.0 = Release|Win32
		{75367352-81A3-4707-8560-3005EDC37BBA}.ReleaseParallel|x64.ActiveCfg = Release|x64
		{75367352-81A3-4707-8560-3005EDC37BBA}.ReleaseParallel|x64.Build.0 = Release|x64
		{75367352-81A3-4707-8560-3005EDC37BBA}.ReleaseParallel|x86.ActiveCfg = Release|Win32
		{75367352-81A3-4707-8560-3005EDC37BBA}.ReleaseParallel|x86.Build.0 = Release|Win32
	EndGlobalSection
	GlobalSection(SolutionProperties) = preSolution
		HideSolutionNode = FALSE
	EndGlobalSection
	GlobalSection(NestedProjects) = preSolution
		{0B054D74-6082-452F-9744-5FBE12C7D476} = {2969FE49-1110-4476-B8C0-F64CD5E84032}
		{5A9043A5-CB87-4E2B-807C-74830BFFAE39} = {2969FE49-1110-4476-B8C0-F64CD5E84032}
		{22911998-FEDD-44AC-902F-CFEFA060C36A} = {2969FE49-1110-4476-B8C0-F64CD5E84032}
		{1E645A44-00EF-4093-9F6A-1D082BD43BDB} = {2969FE49-1110-4476-B8C0-F64CD5E84032}
		{768B67D6-E6D3-4A8F-AA61-511FDBCE7937} = {2969FE49-1110-4476-B8C0-F64CD5E84032}
		{79433425-EC16-410F-9B91-8D31D2109C90} = {2969FE49-1110-4476-B8C0-F64CD5E84032}
		{6D2EF92A-D693-47E3-A325-A686E78C5FFD} = {2969FE49-1110-4476-B8C0-F64CD5E84032}
		{BF5C7532-EE0A-479B-9993-72134087D530} = {2969FE49-1110-4476-B8C0-F64CD5E84032}
		{F551FD31-5349-419D-92F2-EA8AC9C9E423} = {EF5C282E-F39D-43E8-95FC-757CAA2065B3}
		{650BCD91-B9AB-4A37-9A33-D1AE8CFFA49F} = {8181F0AF-A855-4175-AC04-8C29A8A814F1}
		{EA34BAD3-C294-408E-A4B7-17B7D3B2D7CD} = {EF5C282E-F39D-43E8-95FC-757CAA2065B3}
		{252E3E95-6E97-45E9-9470-26E11644C879} = {8181F0AF-A855-4175-AC04-8C29A8A814F1}
		{BE645C4D-BC08-4BEE-9401-B4539720C735} = {EF5C282E-F39D-43E8-95FC-757CAA2065B3}
		{A703591E-08AB-4F79-A74A-42F418EF2A2F} = {8181F0AF-A855-4175-AC04-8C29A8A814F1}
		{109D6E6F-6D91-460F-86AE-DF27400E09A9} = {D7A6A624-56FF-4177-9382-DEBFDA33E5B5}
		{BB058D80-D376-4F0F-87F7-E4760BC2C84D} = {D7A6A624-56FF-4177-9382-DEBFDA33E5B5}
		{EAF01AC1-8D19-4E37-9852-736DCFF67865} = {D7A6A624-56FF-4177-9382-DEBFDA33E5B5}
		{D7A6A624-56FF-4177-9382-DEBFDA33E5B5} = {2969FE49-1110-4476-B8C0-F64CD5E84032}
		{E62F88EE-DC76-489A-99A8-8070099D9D4F} = {D7A6A624-56FF-4177-9382-DEBFDA33E5B5}
		{FCF90EF8-93AE-482A-9B55-018B8338B99D} = {D7A6A624-56FF-4177-9382-DEBFDA33E5B5}
		{53EB451D-0B18-4046-9038-1CDD196DDF33} = {F48F0304-01B7-4EF7-93B3-85F297B15C44}
		{75367352-81A3-4707-8560-3005EDC37BBA} = {D7A6A624-56FF-4177-9382-DEBFDA33E5B5}
	EndGlobalSection
	GlobalSection(ExtensibilityGlobals) = postSolution
		SolutionGuid = {1C418B8B-47F5-4DF0-B50B-4F5FBAEE968D}
	EndGlobalSection
EndGlobal
