Microsoft Visual Studio Solution File, Format Version 12.00
# Visual Studio Version 16
VisualStudioVersion = 16.0.29215.179
MinimumVisualStudioVersion = 10.0.40219.1
Project("{8BC9CEB8-8B4A-11D0-8D11-00A0C91BC942}") = "libClp", "..\..\..\Clp\MSVisualStudio\v10\libClp\libClp.vcxproj", "{4F8F7D1C-3A9E-444D-8EE9-77F33FA05994}"
EndProject
Project("{8BC9CEB8-8B4A-11D0-8D11-00A0C91BC942}") = "libCgl", "..\..\..\Cgl\MSVisualStudio\v10\libCgl\libCgl.vcxproj", "{DBEA3904-F0B8-408A-9E1A-6497FEBE8C42}"
EndProject
Project("{8BC9CEB8-8B4A-11D0-8D11-00A0C91BC942}") = "libCoinUtils", "..\..\..\CoinUtils\MSVisualStudio\v10\libCoinUtils\libCoinUtils.vcxproj", "{C4867F15-438D-4FF8-8388-62FBAAA9786C}"
EndProject
Project("{8BC9CEB8-8B4A-11D0-8D11-00A0C91BC942}") = "libOsi", "..\..\..\Osi\MSVisualStudio\v10\libOsi\libOsi.vcxproj", "{7D98E2CB-876E-4F75-9F71-77D3FE87E149}"
EndProject
Project("{8BC9CEB8-8B4A-11D0-8D11-00A0C91BC942}") = "libCbc", "..\..\..\Cbc\MSVisualStudio\v10\libCbc\libCbc.vcxproj", "{363BA154-FEC9-4E1E-BC23-93CEC58AB785}"
EndProject
Project("{8BC9CEB8-8B4A-11D0-8D11-00A0C91BC942}") = "libOsiClp", "..\..\..\Clp\MSVisualStudio\v10\libOsiClp\libOsiClp.vcxproj", "{02D45875-A8CF-41B9-990B-3699C0ECFE10}"
EndProject
Project("{8BC9CEB8-8B4A-11D0-8D11-00A0C91BC942}") = "libOsiCbc", "..\..\..\Cbc\MSVisualStudio\v10\libOsiCbc\libOsiCbc.vcxproj", "{431ED9C6-FDF6-4836-8B33-BE4EC5378640}"
EndProject
Project("{8BC9CEB8-8B4A-11D0-8D11-00A0C91BC942}") = "libCbcSolver", "..\..\..\Cbc\MSVisualStudio\v10\libCbcSolver\libCbcSolver.vcxproj", "{71DA4595-E8A7-4B21-A00A-D96D29D11E3E}"
EndProject
Project("{2150E333-8FDC-42A3-9474-1A3956D46DE8}") = "COIN-OR v10", "COIN-OR v10", "{63989493-55CA-4BB9-AFE6-C36378570985}"
EndProject
Project("{FAE04EC0-301F-11D3-BF4B-00C04F79EFBC}") = "Sonnet", "Sonnet\Sonnet.csproj", "{650BCD91-B9AB-4A37-9A33-D1AE8CFFA49F}"
EndProject
Project("{FAE04EC0-301F-11D3-BF4B-00C04F79EFBC}") = "SonnetTest", "SonnetTest\SonnetTest.csproj", "{5411E8AB-5E5D-4D61-951B-D76AD31A65F3}"
EndProject
Project("{8BC9CEB8-8B4A-11D0-8D11-00A0C91BC942}") = "SonnetWrapper", "SonnetWrapper\SonnetWrapper.vcxproj", "{A703591E-08AB-4F79-A74A-42F418EF2A2F}"
EndProject
Project("{FAE04EC0-301F-11D3-BF4B-00C04F79EFBC}") = "SonnetExamples", "SonnetExamples\SonnetExamples.csproj", "{FBCB8A0D-BC0C-406E-B5FC-CA260C195056}"
EndProject
Project("{2150E333-8FDC-42A3-9474-1A3956D46DE8}") = "Solution Items", "Solution Items", "{F48F0304-01B7-4EF7-93B3-85F297B15C44}"
	ProjectSection(SolutionItems) = preProject
		..\..\AUTHORS.txt = ..\..\AUTHORS.txt
		..\..\CHANGELOG.txt = ..\..\CHANGELOG.txt
		..\..\INSTALL.txt = ..\..\INSTALL.txt
		..\..\LICENSE.txt = ..\..\LICENSE.txt
		..\..\README.txt = ..\..\README.txt
	EndProjectSection
EndProject
Global
	GlobalSection(SolutionConfigurationPlatforms) = preSolution
		Debug|x64 = Debug|x64
		Debug|x86 = Debug|x86
		Release|x64 = Release|x64
		Release|x86 = Release|x86
	EndGlobalSection
	GlobalSection(ProjectConfigurationPlatforms) = postSolution
		{4F8F7D1C-3A9E-444D-8EE9-77F33FA05994}.Debug|x64.ActiveCfg = Debug|x64
		{4F8F7D1C-3A9E-444D-8EE9-77F33FA05994}.Debug|x64.Build.0 = Debug|x64
		{4F8F7D1C-3A9E-444D-8EE9-77F33FA05994}.Debug|x86.ActiveCfg = Debug|Win32
		{4F8F7D1C-3A9E-444D-8EE9-77F33FA05994}.Debug|x86.Build.0 = Debug|Win32
		{4F8F7D1C-3A9E-444D-8EE9-77F33FA05994}.Release|x64.ActiveCfg = Release|x64
		{4F8F7D1C-3A9E-444D-8EE9-77F33FA05994}.Release|x64.Build.0 = Release|x64
		{4F8F7D1C-3A9E-444D-8EE9-77F33FA05994}.Release|x86.ActiveCfg = Release|Win32
		{4F8F7D1C-3A9E-444D-8EE9-77F33FA05994}.Release|x86.Build.0 = Release|Win32
		{DBEA3904-F0B8-408A-9E1A-6497FEBE8C42}.Debug|x64.ActiveCfg = Debug|x64
		{DBEA3904-F0B8-408A-9E1A-6497FEBE8C42}.Debug|x64.Build.0 = Debug|x64
		{DBEA3904-F0B8-408A-9E1A-6497FEBE8C42}.Debug|x86.ActiveCfg = Debug|Win32
		{DBEA3904-F0B8-408A-9E1A-6497FEBE8C42}.Debug|x86.Build.0 = Debug|Win32
		{DBEA3904-F0B8-408A-9E1A-6497FEBE8C42}.Release|x64.ActiveCfg = Release|x64
		{DBEA3904-F0B8-408A-9E1A-6497FEBE8C42}.Release|x64.Build.0 = Release|x64
		{DBEA3904-F0B8-408A-9E1A-6497FEBE8C42}.Release|x86.ActiveCfg = Release|Win32
		{DBEA3904-F0B8-408A-9E1A-6497FEBE8C42}.Release|x86.Build.0 = Release|Win32
		{C4867F15-438D-4FF8-8388-62FBAAA9786C}.Debug|x64.ActiveCfg = Debug|x64
		{C4867F15-438D-4FF8-8388-62FBAAA9786C}.Debug|x64.Build.0 = Debug|x64
		{C4867F15-438D-4FF8-8388-62FBAAA9786C}.Debug|x86.ActiveCfg = Debug|Win32
		{C4867F15-438D-4FF8-8388-62FBAAA9786C}.Debug|x86.Build.0 = Debug|Win32
		{C4867F15-438D-4FF8-8388-62FBAAA9786C}.Release|x64.ActiveCfg = Release|x64
		{C4867F15-438D-4FF8-8388-62FBAAA9786C}.Release|x64.Build.0 = Release|x64
		{C4867F15-438D-4FF8-8388-62FBAAA9786C}.Release|x86.ActiveCfg = Release|Win32
		{C4867F15-438D-4FF8-8388-62FBAAA9786C}.Release|x86.Build.0 = Release|Win32
		{7D98E2CB-876E-4F75-9F71-77D3FE87E149}.Debug|x64.ActiveCfg = Debug|x64
		{7D98E2CB-876E-4F75-9F71-77D3FE87E149}.Debug|x64.Build.0 = Debug|x64
		{7D98E2CB-876E-4F75-9F71-77D3FE87E149}.Debug|x86.ActiveCfg = Debug|Win32
		{7D98E2CB-876E-4F75-9F71-77D3FE87E149}.Debug|x86.Build.0 = Debug|Win32
		{7D98E2CB-876E-4F75-9F71-77D3FE87E149}.Release|x64.ActiveCfg = Release|x64
		{7D98E2CB-876E-4F75-9F71-77D3FE87E149}.Release|x64.Build.0 = Release|x64
		{7D98E2CB-876E-4F75-9F71-77D3FE87E149}.Release|x86.ActiveCfg = Release|Win32
		{7D98E2CB-876E-4F75-9F71-77D3FE87E149}.Release|x86.Build.0 = Release|Win32
		{363BA154-FEC9-4E1E-BC23-93CEC58AB785}.Debug|x64.ActiveCfg = Debug|x64
		{363BA154-FEC9-4E1E-BC23-93CEC58AB785}.Debug|x64.Build.0 = Debug|x64
		{363BA154-FEC9-4E1E-BC23-93CEC58AB785}.Debug|x86.ActiveCfg = Debug|Win32
		{363BA154-FEC9-4E1E-BC23-93CEC58AB785}.Debug|x86.Build.0 = Debug|Win32
		{363BA154-FEC9-4E1E-BC23-93CEC58AB785}.Release|x64.ActiveCfg = Release|x64
		{363BA154-FEC9-4E1E-BC23-93CEC58AB785}.Release|x64.Build.0 = Release|x64
		{363BA154-FEC9-4E1E-BC23-93CEC58AB785}.Release|x86.ActiveCfg = Release|Win32
		{363BA154-FEC9-4E1E-BC23-93CEC58AB785}.Release|x86.Build.0 = Release|Win32
		{02D45875-A8CF-41B9-990B-3699C0ECFE10}.Debug|x64.ActiveCfg = Debug|x64
		{02D45875-A8CF-41B9-990B-3699C0ECFE10}.Debug|x64.Build.0 = Debug|x64
		{02D45875-A8CF-41B9-990B-3699C0ECFE10}.Debug|x86.ActiveCfg = Debug|Win32
		{02D45875-A8CF-41B9-990B-3699C0ECFE10}.Debug|x86.Build.0 = Debug|Win32
		{02D45875-A8CF-41B9-990B-3699C0ECFE10}.Release|x64.ActiveCfg = Release|x64
		{02D45875-A8CF-41B9-990B-3699C0ECFE10}.Release|x64.Build.0 = Release|x64
		{02D45875-A8CF-41B9-990B-3699C0ECFE10}.Release|x86.ActiveCfg = Release|Win32
		{02D45875-A8CF-41B9-990B-3699C0ECFE10}.Release|x86.Build.0 = Release|Win32
		{431ED9C6-FDF6-4836-8B33-BE4EC5378640}.Debug|x64.ActiveCfg = Debug|x64
		{431ED9C6-FDF6-4836-8B33-BE4EC5378640}.Debug|x64.Build.0 = Debug|x64
		{431ED9C6-FDF6-4836-8B33-BE4EC5378640}.Debug|x86.ActiveCfg = Debug|Win32
		{431ED9C6-FDF6-4836-8B33-BE4EC5378640}.Debug|x86.Build.0 = Debug|Win32
		{431ED9C6-FDF6-4836-8B33-BE4EC5378640}.Release|x64.ActiveCfg = Release|x64
		{431ED9C6-FDF6-4836-8B33-BE4EC5378640}.Release|x64.Build.0 = Release|x64
		{431ED9C6-FDF6-4836-8B33-BE4EC5378640}.Release|x86.ActiveCfg = Release|Win32
		{431ED9C6-FDF6-4836-8B33-BE4EC5378640}.Release|x86.Build.0 = Release|Win32
		{71DA4595-E8A7-4B21-A00A-D96D29D11E3E}.Debug|x64.ActiveCfg = Debug|x64
		{71DA4595-E8A7-4B21-A00A-D96D29D11E3E}.Debug|x64.Build.0 = Debug|x64
		{71DA4595-E8A7-4B21-A00A-D96D29D11E3E}.Debug|x86.ActiveCfg = Debug|Win32
		{71DA4595-E8A7-4B21-A00A-D96D29D11E3E}.Debug|x86.Build.0 = Debug|Win32
		{71DA4595-E8A7-4B21-A00A-D96D29D11E3E}.Release|x64.ActiveCfg = Release|x64
		{71DA4595-E8A7-4B21-A00A-D96D29D11E3E}.Release|x64.Build.0 = Release|x64
		{71DA4595-E8A7-4B21-A00A-D96D29D11E3E}.Release|x86.ActiveCfg = Release|Win32
		{71DA4595-E8A7-4B21-A00A-D96D29D11E3E}.Release|x86.Build.0 = Release|Win32
		{650BCD91-B9AB-4A37-9A33-D1AE8CFFA49F}.Debug|x64.ActiveCfg = Debug|x64
		{650BCD91-B9AB-4A37-9A33-D1AE8CFFA49F}.Debug|x64.Build.0 = Debug|x64
		{650BCD91-B9AB-4A37-9A33-D1AE8CFFA49F}.Debug|x86.ActiveCfg = Debug|x86
		{650BCD91-B9AB-4A37-9A33-D1AE8CFFA49F}.Debug|x86.Build.0 = Debug|x86
		{650BCD91-B9AB-4A37-9A33-D1AE8CFFA49F}.Release|x64.ActiveCfg = Release|x64
		{650BCD91-B9AB-4A37-9A33-D1AE8CFFA49F}.Release|x64.Build.0 = Release|x64
		{650BCD91-B9AB-4A37-9A33-D1AE8CFFA49F}.Release|x86.ActiveCfg = Release|x86
		{650BCD91-B9AB-4A37-9A33-D1AE8CFFA49F}.Release|x86.Build.0 = Release|x86
		{5411E8AB-5E5D-4D61-951B-D76AD31A65F3}.Debug|x64.ActiveCfg = Debug|x64
		{5411E8AB-5E5D-4D61-951B-D76AD31A65F3}.Debug|x64.Build.0 = Debug|x64
		{5411E8AB-5E5D-4D61-951B-D76AD31A65F3}.Debug|x86.ActiveCfg = Debug|x86
		{5411E8AB-5E5D-4D61-951B-D76AD31A65F3}.Debug|x86.Build.0 = Debug|x86
		{5411E8AB-5E5D-4D61-951B-D76AD31A65F3}.Release|x64.ActiveCfg = Release|x64
		{5411E8AB-5E5D-4D61-951B-D76AD31A65F3}.Release|x64.Build.0 = Release|x64
		{5411E8AB-5E5D-4D61-951B-D76AD31A65F3}.Release|x86.ActiveCfg = Release|x86
		{5411E8AB-5E5D-4D61-951B-D76AD31A65F3}.Release|x86.Build.0 = Release|x86
		{A703591E-08AB-4F79-A74A-42F418EF2A2F}.Debug|x64.ActiveCfg = Debug|x64
		{A703591E-08AB-4F79-A74A-42F418EF2A2F}.Debug|x64.Build.0 = Debug|x64
		{A703591E-08AB-4F79-A74A-42F418EF2A2F}.Debug|x86.ActiveCfg = Debug|Win32
		{A703591E-08AB-4F79-A74A-42F418EF2A2F}.Debug|x86.Build.0 = Debug|Win32
		{A703591E-08AB-4F79-A74A-42F418EF2A2F}.Release|x64.ActiveCfg = Release|x64
		{A703591E-08AB-4F79-A74A-42F418EF2A2F}.Release|x64.Build.0 = Release|x64
		{A703591E-08AB-4F79-A74A-42F418EF2A2F}.Release|x86.ActiveCfg = Release|Win32
		{A703591E-08AB-4F79-A74A-42F418EF2A2F}.Release|x86.Build.0 = Release|Win32
		{FBCB8A0D-BC0C-406E-B5FC-CA260C195056}.Debug|x64.ActiveCfg = Debug|x64
		{FBCB8A0D-BC0C-406E-B5FC-CA260C195056}.Debug|x64.Build.0 = Debug|x64
		{FBCB8A0D-BC0C-406E-B5FC-CA260C195056}.Debug|x86.ActiveCfg = Debug|x86
		{FBCB8A0D-BC0C-406E-B5FC-CA260C195056}.Debug|x86.Build.0 = Debug|x86
		{FBCB8A0D-BC0C-406E-B5FC-CA260C195056}.Release|x64.ActiveCfg = Release|x64
		{FBCB8A0D-BC0C-406E-B5FC-CA260C195056}.Release|x64.Build.0 = Release|x64
		{FBCB8A0D-BC0C-406E-B5FC-CA260C195056}.Release|x86.ActiveCfg = Release|x86
		{FBCB8A0D-BC0C-406E-B5FC-CA260C195056}.Release|x86.Build.0 = Release|x86
	EndGlobalSection
	GlobalSection(SolutionProperties) = preSolution
		HideSolutionNode = FALSE
	EndGlobalSection
	GlobalSection(NestedProjects) = preSolution
		{4F8F7D1C-3A9E-444D-8EE9-77F33FA05994} = {63989493-55CA-4BB9-AFE6-C36378570985}
		{DBEA3904-F0B8-408A-9E1A-6497FEBE8C42} = {63989493-55CA-4BB9-AFE6-C36378570985}
		{C4867F15-438D-4FF8-8388-62FBAAA9786C} = {63989493-55CA-4BB9-AFE6-C36378570985}
		{7D98E2CB-876E-4F75-9F71-77D3FE87E149} = {63989493-55CA-4BB9-AFE6-C36378570985}
		{363BA154-FEC9-4E1E-BC23-93CEC58AB785} = {63989493-55CA-4BB9-AFE6-C36378570985}
		{02D45875-A8CF-41B9-990B-3699C0ECFE10} = {63989493-55CA-4BB9-AFE6-C36378570985}
		{431ED9C6-FDF6-4836-8B33-BE4EC5378640} = {63989493-55CA-4BB9-AFE6-C36378570985}
		{71DA4595-E8A7-4B21-A00A-D96D29D11E3E} = {63989493-55CA-4BB9-AFE6-C36378570985}
	EndGlobalSection
	GlobalSection(ExtensibilityGlobals) = postSolution
		SolutionGuid = {1C418B8B-47F5-4DF0-B50B-4F5FBAEE968D}
	EndGlobalSection
EndGlobal
